// !$*UTF8*$!
{
	archiveVersion = 1;
	classes = {
	};
	objectVersion = 50;
	objects = {

/* Begin PBXBuildFile section */
		C71DC86C21733D850052F007 /* WeatherResponse.swift in Sources */ = {isa = PBXBuildFile; fileRef = C71DC86B21733D850052F007 /* WeatherResponse.swift */; };
		C71DC86E217463130052F007 /* RxSwift in Resources */ = {isa = PBXBuildFile; fileRef = C71DC86D217463130052F007 /* RxSwift */; };
		C71DC873217464CC0052F007 /* WeatherViewModel.swift in Sources */ = {isa = PBXBuildFile; fileRef = C71DC872217464CC0052F007 /* WeatherViewModel.swift */; };
		C71DC875217464DA0052F007 /* ForecastViewModel.swift in Sources */ = {isa = PBXBuildFile; fileRef = C71DC874217464DA0052F007 /* ForecastViewModel.swift */; };
		C71DC877217464E90052F007 /* LocationViewModel.swift in Sources */ = {isa = PBXBuildFile; fileRef = C71DC876217464E90052F007 /* LocationViewModel.swift */; };
		C77E4471217F846D00371993 /* Rx.xcodeproj in Frameworks */ = {isa = PBXBuildFile; fileRef = C77E4470217F846D00371993 /* Rx.xcodeproj */; };
		C77E44B3217F84F600371993 /* RxBlocking.framework in Frameworks */ = {isa = PBXBuildFile; fileRef = C77E449A217F846D00371993 /* RxBlocking.framework */; };
		C77E44B4217F84F600371993 /* RxCocoa.framework in Frameworks */ = {isa = PBXBuildFile; fileRef = C77E4492217F846D00371993 /* RxCocoa.framework */; };
		C77E44B5217F84F600371993 /* RxSwift.framework in Frameworks */ = {isa = PBXBuildFile; fileRef = C77E448A217F846D00371993 /* RxSwift.framework */; };
		C77E44B921810A8600371993 /* WeatherTableViewCell.swift in Sources */ = {isa = PBXBuildFile; fileRef = C77E44B821810A8600371993 /* WeatherTableViewCell.swift */; };
		C77E44BB218115A500371993 /* LocationTableViewCell.swift in Sources */ = {isa = PBXBuildFile; fileRef = C77E44BA218115A500371993 /* LocationTableViewCell.swift */; };
		C78A8494217254390085135D /* WeatherService.swift in Sources */ = {isa = PBXBuildFile; fileRef = C78A8493217254390085135D /* WeatherService.swift */; };
		C7A46E0F216CE66B00026697 /* AppDelegate.swift in Sources */ = {isa = PBXBuildFile; fileRef = C7A46E0E216CE66B00026697 /* AppDelegate.swift */; };
		C7A46E11216CE66B00026697 /* WeatherViewController.swift in Sources */ = {isa = PBXBuildFile; fileRef = C7A46E10216CE66B00026697 /* WeatherViewController.swift */; };
		C7A46E13216CE66B00026697 /* ForecastViewController.swift in Sources */ = {isa = PBXBuildFile; fileRef = C7A46E12216CE66B00026697 /* ForecastViewController.swift */; };
		C7A46E16216CE66B00026697 /* Main.storyboard in Resources */ = {isa = PBXBuildFile; fileRef = C7A46E14216CE66B00026697 /* Main.storyboard */; };
		C7A46E18216CE66D00026697 /* Assets.xcassets in Resources */ = {isa = PBXBuildFile; fileRef = C7A46E17216CE66D00026697 /* Assets.xcassets */; };
		C7A46E1B216CE66D00026697 /* LaunchScreen.storyboard in Resources */ = {isa = PBXBuildFile; fileRef = C7A46E19216CE66D00026697 /* LaunchScreen.storyboard */; };
		C7A46E26216CE66D00026697 /* iOS_weatherappTests.swift in Sources */ = {isa = PBXBuildFile; fileRef = C7A46E25216CE66D00026697 /* iOS_weatherappTests.swift */; };
		C7A46E31216CE66D00026697 /* iOS_weatherappUITests.swift in Sources */ = {isa = PBXBuildFile; fileRef = C7A46E30216CE66D00026697 /* iOS_weatherappUITests.swift */; };
		C7A46E3F216CE78700026697 /* LocationViewController.swift in Sources */ = {isa = PBXBuildFile; fileRef = C7A46E3E216CE78700026697 /* LocationViewController.swift */; };
		C7A46E42216CE8B100026697 /* ApiService.swift in Sources */ = {isa = PBXBuildFile; fileRef = C7A46E41216CE8B100026697 /* ApiService.swift */; };
/* End PBXBuildFile section */

/* Begin PBXContainerItemProxy section */
		C77E4489217F846D00371993 /* PBXContainerItemProxy */ = {
			isa = PBXContainerItemProxy;
			containerPortal = C77E4470217F846D00371993 /* Rx.xcodeproj */;
			proxyType = 2;
			remoteGlobalIDString = C8A56AD71AD7424700B4673B;
			remoteInfo = "RxSwift-iOS";
		};
		C77E448B217F846D00371993 /* PBXContainerItemProxy */ = {
			isa = PBXContainerItemProxy;
			containerPortal = C77E4470217F846D00371993 /* Rx.xcodeproj */;
			proxyType = 2;
			remoteGlobalIDString = C88BB8711B07E5ED0064D411;
			remoteInfo = "RxSwift-macOS";
		};
		C77E448D217F846D00371993 /* PBXContainerItemProxy */ = {
			isa = PBXContainerItemProxy;
			containerPortal = C77E4470217F846D00371993 /* Rx.xcodeproj */;
			proxyType = 2;
			remoteGlobalIDString = D2EA280C1BB9B5A200880ED3;
			remoteInfo = "RxSwift-tvOS";
		};
		C77E448F217F846D00371993 /* PBXContainerItemProxy */ = {
			isa = PBXContainerItemProxy;
			containerPortal = C77E4470217F846D00371993 /* Rx.xcodeproj */;
			proxyType = 2;
			remoteGlobalIDString = C8F0C0021BBBFB8B001B112F;
			remoteInfo = "RxSwift-watchOS";
		};
		C77E4491217F846D00371993 /* PBXContainerItemProxy */ = {
			isa = PBXContainerItemProxy;
			containerPortal = C77E4470217F846D00371993 /* Rx.xcodeproj */;
			proxyType = 2;
			remoteGlobalIDString = C809396D1B8A71760088E94D;
			remoteInfo = "RxCocoa-iOS";
		};
		C77E4493217F846D00371993 /* PBXContainerItemProxy */ = {
			isa = PBXContainerItemProxy;
			containerPortal = C77E4470217F846D00371993 /* Rx.xcodeproj */;
			proxyType = 2;
			remoteGlobalIDString = C80939E71B8A71840088E94D;
			remoteInfo = "RxCocoa-macOS";
		};
		C77E4495217F846D00371993 /* PBXContainerItemProxy */ = {
			isa = PBXContainerItemProxy;
			containerPortal = C77E4470217F846D00371993 /* Rx.xcodeproj */;
			proxyType = 2;
			remoteGlobalIDString = D2138C751BB9BE9800339B5C;
			remoteInfo = "RxCocoa-tvOS";
		};
		C77E4497217F846D00371993 /* PBXContainerItemProxy */ = {
			isa = PBXContainerItemProxy;
			containerPortal = C77E4470217F846D00371993 /* Rx.xcodeproj */;
			proxyType = 2;
			remoteGlobalIDString = C8F0C04B1BBBFBB9001B112F;
			remoteInfo = "RxCocoa-watchOS";
		};
		C77E4499217F846D00371993 /* PBXContainerItemProxy */ = {
			isa = PBXContainerItemProxy;
			containerPortal = C77E4470217F846D00371993 /* Rx.xcodeproj */;
			proxyType = 2;
			remoteGlobalIDString = C8093BC71B8A71F00088E94D;
			remoteInfo = "RxBlocking-iOS";
		};
		C77E449B217F846D00371993 /* PBXContainerItemProxy */ = {
			isa = PBXContainerItemProxy;
			containerPortal = C77E4470217F846D00371993 /* Rx.xcodeproj */;
			proxyType = 2;
			remoteGlobalIDString = C8093C451B8A71FC0088E94D;
			remoteInfo = "RxBlocking-macOS";
		};
		C77E449D217F846D00371993 /* PBXContainerItemProxy */ = {
			isa = PBXContainerItemProxy;
			containerPortal = C77E4470217F846D00371993 /* Rx.xcodeproj */;
			proxyType = 2;
			remoteGlobalIDString = D2EBEB811BB9B99D003A27DC;
			remoteInfo = "RxBlocking-tvOS";
		};
		C77E449F217F846D00371993 /* PBXContainerItemProxy */ = {
			isa = PBXContainerItemProxy;
			containerPortal = C77E4470217F846D00371993 /* Rx.xcodeproj */;
			proxyType = 2;
			remoteGlobalIDString = C8F0C0581BBBFBCE001B112F;
			remoteInfo = "RxBlocking-watchOS";
		};
		C77E44A1217F846D00371993 /* PBXContainerItemProxy */ = {
			isa = PBXContainerItemProxy;
			containerPortal = C77E4470217F846D00371993 /* Rx.xcodeproj */;
			proxyType = 2;
			remoteGlobalIDString = C88FA50C1C25C44800CCFEA4;
			remoteInfo = "RxTest-iOS";
		};
		C77E44A3217F846D00371993 /* PBXContainerItemProxy */ = {
			isa = PBXContainerItemProxy;
			containerPortal = C77E4470217F846D00371993 /* Rx.xcodeproj */;
			proxyType = 2;
			remoteGlobalIDString = C88FA51D1C25C4B500CCFEA4;
			remoteInfo = "RxTest-macOS";
		};
		C77E44A5217F846D00371993 /* PBXContainerItemProxy */ = {
			isa = PBXContainerItemProxy;
			containerPortal = C77E4470217F846D00371993 /* Rx.xcodeproj */;
			proxyType = 2;
			remoteGlobalIDString = C88FA52E1C25C4C000CCFEA4;
			remoteInfo = "RxTest-tvOS";
		};
		C77E44A7217F846D00371993 /* PBXContainerItemProxy */ = {
			isa = PBXContainerItemProxy;
			containerPortal = C77E4470217F846D00371993 /* Rx.xcodeproj */;
			proxyType = 2;
			remoteGlobalIDString = C88FA53F1C25C4CC00CCFEA4;
			remoteInfo = "RxTest-watchOS";
		};
		C77E44A9217F846D00371993 /* PBXContainerItemProxy */ = {
			isa = PBXContainerItemProxy;
			containerPortal = C77E4470217F846D00371993 /* Rx.xcodeproj */;
			proxyType = 2;
			remoteGlobalIDString = C83508C31C386F6F0027C24C;
			remoteInfo = "AllTests-iOS";
		};
		C77E44AB217F846D00371993 /* PBXContainerItemProxy */ = {
			isa = PBXContainerItemProxy;
			containerPortal = C77E4470217F846D00371993 /* Rx.xcodeproj */;
			proxyType = 2;
			remoteGlobalIDString = C83509841C38740E0027C24C;
			remoteInfo = "AllTests-tvOS";
		};
		C77E44AD217F846D00371993 /* PBXContainerItemProxy */ = {
			isa = PBXContainerItemProxy;
			containerPortal = C77E4470217F846D00371993 /* Rx.xcodeproj */;
			proxyType = 2;
			remoteGlobalIDString = C83509941C38742C0027C24C;
			remoteInfo = "AllTests-macOS";
		};
		C77E44AF217F846D00371993 /* PBXContainerItemProxy */ = {
			isa = PBXContainerItemProxy;
			containerPortal = C77E4470217F846D00371993 /* Rx.xcodeproj */;
			proxyType = 2;
			remoteGlobalIDString = C85BA04B1C3878740075D68E;
			remoteInfo = Microoptimizations;
		};
		C77E44B1217F846D00371993 /* PBXContainerItemProxy */ = {
			isa = PBXContainerItemProxy;
			containerPortal = C77E4470217F846D00371993 /* Rx.xcodeproj */;
			proxyType = 2;
			remoteGlobalIDString = C8E8BA551E2C181A00A4AC2C;
			remoteInfo = Benchmarks;
		};
		C7A46E22216CE66D00026697 /* PBXContainerItemProxy */ = {
			isa = PBXContainerItemProxy;
			containerPortal = C7A46E03216CE66B00026697 /* Project object */;
			proxyType = 1;
			remoteGlobalIDString = C7A46E0A216CE66B00026697;
			remoteInfo = "iOS-weatherapp";
		};
		C7A46E2D216CE66D00026697 /* PBXContainerItemProxy */ = {
			isa = PBXContainerItemProxy;
			containerPortal = C7A46E03216CE66B00026697 /* Project object */;
			proxyType = 1;
			remoteGlobalIDString = C7A46E0A216CE66B00026697;
			remoteInfo = "iOS-weatherapp";
		};
/* End PBXContainerItemProxy section */

/* Begin PBXFileReference section */
		C71DC86B21733D850052F007 /* WeatherResponse.swift */ = {isa = PBXFileReference; lastKnownFileType = sourcecode.swift; path = WeatherResponse.swift; sourceTree = "<group>"; };
		C71DC86D217463130052F007 /* RxSwift */ = {isa = PBXFileReference; lastKnownFileType = folder; path = RxSwift; sourceTree = "<group>"; };
		C71DC871217464420052F007 /* README.md */ = {isa = PBXFileReference; lastKnownFileType = net.daringfireball.markdown; path = README.md; sourceTree = "<group>"; };
		C71DC872217464CC0052F007 /* WeatherViewModel.swift */ = {isa = PBXFileReference; lastKnownFileType = sourcecode.swift; path = WeatherViewModel.swift; sourceTree = "<group>"; };
		C71DC874217464DA0052F007 /* ForecastViewModel.swift */ = {isa = PBXFileReference; lastKnownFileType = sourcecode.swift; path = ForecastViewModel.swift; sourceTree = "<group>"; };
		C71DC876217464E90052F007 /* LocationViewModel.swift */ = {isa = PBXFileReference; lastKnownFileType = sourcecode.swift; path = LocationViewModel.swift; sourceTree = "<group>"; };
		C77E4470217F846D00371993 /* Rx.xcodeproj */ = {isa = PBXFileReference; lastKnownFileType = "wrapper.pb-project"; name = Rx.xcodeproj; path = RxSwift/Rx.xcodeproj; sourceTree = "<group>"; };
		C77E44B821810A8600371993 /* WeatherTableViewCell.swift */ = {isa = PBXFileReference; lastKnownFileType = sourcecode.swift; path = WeatherTableViewCell.swift; sourceTree = "<group>"; };
		C77E44BA218115A500371993 /* LocationTableViewCell.swift */ = {isa = PBXFileReference; lastKnownFileType = sourcecode.swift; path = LocationTableViewCell.swift; sourceTree = "<group>"; };
		C78A8493217254390085135D /* WeatherService.swift */ = {isa = PBXFileReference; lastKnownFileType = sourcecode.swift; path = WeatherService.swift; sourceTree = "<group>"; };
		C7A46E0B216CE66B00026697 /* iOS-weatherapp.app */ = {isa = PBXFileReference; explicitFileType = wrapper.application; includeInIndex = 0; path = "iOS-weatherapp.app"; sourceTree = BUILT_PRODUCTS_DIR; };
		C7A46E0E216CE66B00026697 /* AppDelegate.swift */ = {isa = PBXFileReference; lastKnownFileType = sourcecode.swift; path = AppDelegate.swift; sourceTree = "<group>"; };
		C7A46E10216CE66B00026697 /* WeatherViewController.swift */ = {isa = PBXFileReference; lastKnownFileType = sourcecode.swift; path = WeatherViewController.swift; sourceTree = "<group>"; };
		C7A46E12216CE66B00026697 /* ForecastViewController.swift */ = {isa = PBXFileReference; lastKnownFileType = sourcecode.swift; path = ForecastViewController.swift; sourceTree = "<group>"; };
		C7A46E15216CE66B00026697 /* Base */ = {isa = PBXFileReference; lastKnownFileType = file.storyboard; name = Base; path = Base.lproj/Main.storyboard; sourceTree = "<group>"; };
		C7A46E17216CE66D00026697 /* Assets.xcassets */ = {isa = PBXFileReference; lastKnownFileType = folder.assetcatalog; path = Assets.xcassets; sourceTree = "<group>"; };
		C7A46E1A216CE66D00026697 /* Base */ = {isa = PBXFileReference; lastKnownFileType = file.storyboard; name = Base; path = Base.lproj/LaunchScreen.storyboard; sourceTree = "<group>"; };
		C7A46E1C216CE66D00026697 /* Info.plist */ = {isa = PBXFileReference; lastKnownFileType = text.plist.xml; path = Info.plist; sourceTree = "<group>"; };
		C7A46E21216CE66D00026697 /* iOS-weatherappTests.xctest */ = {isa = PBXFileReference; explicitFileType = wrapper.cfbundle; includeInIndex = 0; path = "iOS-weatherappTests.xctest"; sourceTree = BUILT_PRODUCTS_DIR; };
		C7A46E25216CE66D00026697 /* iOS_weatherappTests.swift */ = {isa = PBXFileReference; lastKnownFileType = sourcecode.swift; path = iOS_weatherappTests.swift; sourceTree = "<group>"; };
		C7A46E27216CE66D00026697 /* Info.plist */ = {isa = PBXFileReference; lastKnownFileType = text.plist.xml; path = Info.plist; sourceTree = "<group>"; };
		C7A46E2C216CE66D00026697 /* iOS-weatherappUITests.xctest */ = {isa = PBXFileReference; explicitFileType = wrapper.cfbundle; includeInIndex = 0; path = "iOS-weatherappUITests.xctest"; sourceTree = BUILT_PRODUCTS_DIR; };
		C7A46E30216CE66D00026697 /* iOS_weatherappUITests.swift */ = {isa = PBXFileReference; lastKnownFileType = sourcecode.swift; path = iOS_weatherappUITests.swift; sourceTree = "<group>"; };
		C7A46E32216CE66D00026697 /* Info.plist */ = {isa = PBXFileReference; lastKnownFileType = text.plist.xml; path = Info.plist; sourceTree = "<group>"; };
		C7A46E3E216CE78700026697 /* LocationViewController.swift */ = {isa = PBXFileReference; lastKnownFileType = sourcecode.swift; path = LocationViewController.swift; sourceTree = "<group>"; };
		C7A46E41216CE8B100026697 /* ApiService.swift */ = {isa = PBXFileReference; lastKnownFileType = sourcecode.swift; path = ApiService.swift; sourceTree = "<group>"; };
/* End PBXFileReference section */

/* Begin PBXFrameworksBuildPhase section */
		C7A46E08216CE66B00026697 /* Frameworks */ = {
			isa = PBXFrameworksBuildPhase;
			buildActionMask = 2147483647;
			files = (
				C77E44B3217F84F600371993 /* RxBlocking.framework in Frameworks */,
				C77E44B4217F84F600371993 /* RxCocoa.framework in Frameworks */,
				C77E44B5217F84F600371993 /* RxSwift.framework in Frameworks */,
				C77E4471217F846D00371993 /* Rx.xcodeproj in Frameworks */,
			);
			runOnlyForDeploymentPostprocessing = 0;
		};
		C7A46E1E216CE66D00026697 /* Frameworks */ = {
			isa = PBXFrameworksBuildPhase;
			buildActionMask = 2147483647;
			files = (
			);
			runOnlyForDeploymentPostprocessing = 0;
		};
		C7A46E29216CE66D00026697 /* Frameworks */ = {
			isa = PBXFrameworksBuildPhase;
			buildActionMask = 2147483647;
			files = (
			);
			runOnlyForDeploymentPostprocessing = 0;
		};
/* End PBXFrameworksBuildPhase section */

/* Begin PBXGroup section */
		C71DC86A21733CDC0052F007 /* Models */ = {
			isa = PBXGroup;
			children = (
				C71DC86B21733D850052F007 /* WeatherResponse.swift */,
			);
			path = Models;
			sourceTree = "<group>";
		};
		C71DC86F217464040052F007 /* ViewControllers */ = {
			isa = PBXGroup;
			children = (
				C7A46E10216CE66B00026697 /* WeatherViewController.swift */,
				C7A46E12216CE66B00026697 /* ForecastViewController.swift */,
				C7A46E3E216CE78700026697 /* LocationViewController.swift */,
				C77E44B821810A8600371993 /* WeatherTableViewCell.swift */,
				C77E44BA218115A500371993 /* LocationTableViewCell.swift */,
			);
			path = ViewControllers;
			sourceTree = "<group>";
		};
		C71DC870217464230052F007 /* ViewModels */ = {
			isa = PBXGroup;
			children = (
				C71DC872217464CC0052F007 /* WeatherViewModel.swift */,
				C71DC874217464DA0052F007 /* ForecastViewModel.swift */,
				C71DC876217464E90052F007 /* LocationViewModel.swift */,
			);
			path = ViewModels;
			sourceTree = "<group>";
		};
		C77E446F217F846D00371993 /* Frameworks */ = {
			isa = PBXGroup;
			children = (
				C77E4470217F846D00371993 /* Rx.xcodeproj */,
			);
			name = Frameworks;
			sourceTree = "<group>";
		};
		C77E4472217F846D00371993 /* Products */ = {
			isa = PBXGroup;
			children = (
				C77E448A217F846D00371993 /* RxSwift.framework */,
				C77E448C217F846D00371993 /* RxSwift.framework */,
				C77E448E217F846D00371993 /* RxSwift.framework */,
				C77E4490217F846D00371993 /* RxSwift.framework */,
				C77E4492217F846D00371993 /* RxCocoa.framework */,
				C77E4494217F846D00371993 /* RxCocoa.framework */,
				C77E4496217F846D00371993 /* RxCocoa.framework */,
				C77E4498217F846D00371993 /* RxCocoa.framework */,
				C77E449A217F846D00371993 /* RxBlocking.framework */,
				C77E449C217F846D00371993 /* RxBlocking.framework */,
				C77E449E217F846D00371993 /* RxBlocking.framework */,
				C77E44A0217F846D00371993 /* RxBlocking.framework */,
				C77E44A2217F846D00371993 /* RxTest.framework */,
				C77E44A4217F846D00371993 /* RxTest.framework */,
				C77E44A6217F846D00371993 /* RxTest.framework */,
				C77E44A8217F846D00371993 /* RxTest.framework */,
				C77E44AA217F846D00371993 /* AllTests-iOS.xctest */,
				C77E44AC217F846D00371993 /* AllTests-tvOS.xctest */,
				C77E44AE217F846D00371993 /* AllTests-macOS.xctest */,
				C77E44B0217F846D00371993 /* PerformanceTests.app */,
				C77E44B2217F846D00371993 /* Benchmarks.xctest */,
			);
			name = Products;
			sourceTree = "<group>";
		};
		C7A46E02216CE66B00026697 = {
			isa = PBXGroup;
			children = (
				C71DC871217464420052F007 /* README.md */,
				C7A46E0D216CE66B00026697 /* iOS-weatherapp */,
				C7A46E24216CE66D00026697 /* iOS-weatherappTests */,
				C7A46E2F216CE66D00026697 /* iOS-weatherappUITests */,
				C7A46E0C216CE66B00026697 /* Products */,
				C71DC86D217463130052F007 /* RxSwift */,
				C77E446F217F846D00371993 /* Frameworks */,
			);
			sourceTree = "<group>";
		};
		C7A46E0C216CE66B00026697 /* Products */ = {
			isa = PBXGroup;
			children = (
				C7A46E0B216CE66B00026697 /* iOS-weatherapp.app */,
				C7A46E21216CE66D00026697 /* iOS-weatherappTests.xctest */,
				C7A46E2C216CE66D00026697 /* iOS-weatherappUITests.xctest */,
			);
			name = Products;
			sourceTree = "<group>";
		};
		C7A46E0D216CE66B00026697 /* iOS-weatherapp */ = {
			isa = PBXGroup;
			children = (
				C71DC870217464230052F007 /* ViewModels */,
				C71DC86A21733CDC0052F007 /* Models */,
				C7A46E40216CE88900026697 /* Services */,
				C7A46E0E216CE66B00026697 /* AppDelegate.swift */,
				C71DC86F217464040052F007 /* ViewControllers */,
				C7A46E14216CE66B00026697 /* Main.storyboard */,
				C7A46E17216CE66D00026697 /* Assets.xcassets */,
				C7A46E19216CE66D00026697 /* LaunchScreen.storyboard */,
				C7A46E1C216CE66D00026697 /* Info.plist */,
			);
			path = "iOS-weatherapp";
			sourceTree = "<group>";
		};
		C7A46E24216CE66D00026697 /* iOS-weatherappTests */ = {
			isa = PBXGroup;
			children = (
				C7A46E25216CE66D00026697 /* iOS_weatherappTests.swift */,
				C7A46E27216CE66D00026697 /* Info.plist */,
			);
			path = "iOS-weatherappTests";
			sourceTree = "<group>";
		};
		C7A46E2F216CE66D00026697 /* iOS-weatherappUITests */ = {
			isa = PBXGroup;
			children = (
				C7A46E30216CE66D00026697 /* iOS_weatherappUITests.swift */,
				C7A46E32216CE66D00026697 /* Info.plist */,
			);
			path = "iOS-weatherappUITests";
			sourceTree = "<group>";
		};
		C7A46E40216CE88900026697 /* Services */ = {
			isa = PBXGroup;
			children = (
				C7A46E41216CE8B100026697 /* ApiService.swift */,
				C78A8493217254390085135D /* WeatherService.swift */,
			);
			path = Services;
			sourceTree = "<group>";
		};
/* End PBXGroup section */

/* Begin PBXNativeTarget section */
		C7A46E0A216CE66B00026697 /* iOS-weatherapp */ = {
			isa = PBXNativeTarget;
			buildConfigurationList = C7A46E35216CE66D00026697 /* Build configuration list for PBXNativeTarget "iOS-weatherapp" */;
			buildPhases = (
				C7A46E07216CE66B00026697 /* Sources */,
				C7A46E08216CE66B00026697 /* Frameworks */,
				C7A46E09216CE66B00026697 /* Resources */,
			);
			buildRules = (
			);
			dependencies = (
			);
			name = "iOS-weatherapp";
			productName = "iOS-weatherapp";
			productReference = C7A46E0B216CE66B00026697 /* iOS-weatherapp.app */;
			productType = "com.apple.product-type.application";
		};
		C7A46E20216CE66D00026697 /* iOS-weatherappTests */ = {
			isa = PBXNativeTarget;
			buildConfigurationList = C7A46E38216CE66D00026697 /* Build configuration list for PBXNativeTarget "iOS-weatherappTests" */;
			buildPhases = (
				C7A46E1D216CE66D00026697 /* Sources */,
				C7A46E1E216CE66D00026697 /* Frameworks */,
				C7A46E1F216CE66D00026697 /* Resources */,
			);
			buildRules = (
			);
			dependencies = (
				C7A46E23216CE66D00026697 /* PBXTargetDependency */,
			);
			name = "iOS-weatherappTests";
			productName = "iOS-weatherappTests";
			productReference = C7A46E21216CE66D00026697 /* iOS-weatherappTests.xctest */;
			productType = "com.apple.product-type.bundle.unit-test";
		};
		C7A46E2B216CE66D00026697 /* iOS-weatherappUITests */ = {
			isa = PBXNativeTarget;
			buildConfigurationList = C7A46E3B216CE66D00026697 /* Build configuration list for PBXNativeTarget "iOS-weatherappUITests" */;
			buildPhases = (
				C7A46E28216CE66D00026697 /* Sources */,
				C7A46E29216CE66D00026697 /* Frameworks */,
				C7A46E2A216CE66D00026697 /* Resources */,
			);
			buildRules = (
			);
			dependencies = (
				C7A46E2E216CE66D00026697 /* PBXTargetDependency */,
			);
			name = "iOS-weatherappUITests";
			productName = "iOS-weatherappUITests";
			productReference = C7A46E2C216CE66D00026697 /* iOS-weatherappUITests.xctest */;
			productType = "com.apple.product-type.bundle.ui-testing";
		};
/* End PBXNativeTarget section */

/* Begin PBXProject section */
		C7A46E03216CE66B00026697 /* Project object */ = {
			isa = PBXProject;
			attributes = {
				LastSwiftUpdateCheck = 1000;
				LastUpgradeCheck = 1000;
				ORGANIZATIONNAME = "Konsta Lehtinen";
				TargetAttributes = {
					C7A46E0A216CE66B00026697 = {
						CreatedOnToolsVersion = 10.0;
					};
					C7A46E20216CE66D00026697 = {
						CreatedOnToolsVersion = 10.0;
						TestTargetID = C7A46E0A216CE66B00026697;
					};
					C7A46E2B216CE66D00026697 = {
						CreatedOnToolsVersion = 10.0;
						TestTargetID = C7A46E0A216CE66B00026697;
					};
				};
			};
			buildConfigurationList = C7A46E06216CE66B00026697 /* Build configuration list for PBXProject "iOS-weatherapp" */;
			compatibilityVersion = "Xcode 9.3";
			developmentRegion = en;
			hasScannedForEncodings = 0;
			knownRegions = (
				en,
				Base,
			);
			mainGroup = C7A46E02216CE66B00026697;
			productRefGroup = C7A46E0C216CE66B00026697 /* Products */;
			projectDirPath = "";
			projectReferences = (
				{
					ProductGroup = C77E4472217F846D00371993 /* Products */;
					ProjectRef = C77E4470217F846D00371993 /* Rx.xcodeproj */;
				},
			);
			projectRoot = "";
			targets = (
				C7A46E0A216CE66B00026697 /* iOS-weatherapp */,
				C7A46E20216CE66D00026697 /* iOS-weatherappTests */,
				C7A46E2B216CE66D00026697 /* iOS-weatherappUITests */,
			);
		};
/* End PBXProject section */

/* Begin PBXReferenceProxy section */
		C77E448A217F846D00371993 /* RxSwift.framework */ = {
			isa = PBXReferenceProxy;
			fileType = wrapper.framework;
			path = RxSwift.framework;
			remoteRef = C77E4489217F846D00371993 /* PBXContainerItemProxy */;
			sourceTree = BUILT_PRODUCTS_DIR;
		};
		C77E448C217F846D00371993 /* RxSwift.framework */ = {
			isa = PBXReferenceProxy;
			fileType = wrapper.framework;
			path = RxSwift.framework;
			remoteRef = C77E448B217F846D00371993 /* PBXContainerItemProxy */;
			sourceTree = BUILT_PRODUCTS_DIR;
		};
		C77E448E217F846D00371993 /* RxSwift.framework */ = {
			isa = PBXReferenceProxy;
			fileType = wrapper.framework;
			path = RxSwift.framework;
			remoteRef = C77E448D217F846D00371993 /* PBXContainerItemProxy */;
			sourceTree = BUILT_PRODUCTS_DIR;
		};
		C77E4490217F846D00371993 /* RxSwift.framework */ = {
			isa = PBXReferenceProxy;
			fileType = wrapper.framework;
			path = RxSwift.framework;
			remoteRef = C77E448F217F846D00371993 /* PBXContainerItemProxy */;
			sourceTree = BUILT_PRODUCTS_DIR;
		};
		C77E4492217F846D00371993 /* RxCocoa.framework */ = {
			isa = PBXReferenceProxy;
			fileType = wrapper.framework;
			path = RxCocoa.framework;
			remoteRef = C77E4491217F846D00371993 /* PBXContainerItemProxy */;
			sourceTree = BUILT_PRODUCTS_DIR;
		};
		C77E4494217F846D00371993 /* RxCocoa.framework */ = {
			isa = PBXReferenceProxy;
			fileType = wrapper.framework;
			path = RxCocoa.framework;
			remoteRef = C77E4493217F846D00371993 /* PBXContainerItemProxy */;
			sourceTree = BUILT_PRODUCTS_DIR;
		};
		C77E4496217F846D00371993 /* RxCocoa.framework */ = {
			isa = PBXReferenceProxy;
			fileType = wrapper.framework;
			path = RxCocoa.framework;
			remoteRef = C77E4495217F846D00371993 /* PBXContainerItemProxy */;
			sourceTree = BUILT_PRODUCTS_DIR;
		};
		C77E4498217F846D00371993 /* RxCocoa.framework */ = {
			isa = PBXReferenceProxy;
			fileType = wrapper.framework;
			path = RxCocoa.framework;
			remoteRef = C77E4497217F846D00371993 /* PBXContainerItemProxy */;
			sourceTree = BUILT_PRODUCTS_DIR;
		};
		C77E449A217F846D00371993 /* RxBlocking.framework */ = {
			isa = PBXReferenceProxy;
			fileType = wrapper.framework;
			path = RxBlocking.framework;
			remoteRef = C77E4499217F846D00371993 /* PBXContainerItemProxy */;
			sourceTree = BUILT_PRODUCTS_DIR;
		};
		C77E449C217F846D00371993 /* RxBlocking.framework */ = {
			isa = PBXReferenceProxy;
			fileType = wrapper.framework;
			path = RxBlocking.framework;
			remoteRef = C77E449B217F846D00371993 /* PBXContainerItemProxy */;
			sourceTree = BUILT_PRODUCTS_DIR;
		};
		C77E449E217F846D00371993 /* RxBlocking.framework */ = {
			isa = PBXReferenceProxy;
			fileType = wrapper.framework;
			path = RxBlocking.framework;
			remoteRef = C77E449D217F846D00371993 /* PBXContainerItemProxy */;
			sourceTree = BUILT_PRODUCTS_DIR;
		};
		C77E44A0217F846D00371993 /* RxBlocking.framework */ = {
			isa = PBXReferenceProxy;
			fileType = wrapper.framework;
			path = RxBlocking.framework;
			remoteRef = C77E449F217F846D00371993 /* PBXContainerItemProxy */;
			sourceTree = BUILT_PRODUCTS_DIR;
		};
		C77E44A2217F846D00371993 /* RxTest.framework */ = {
			isa = PBXReferenceProxy;
			fileType = wrapper.framework;
			path = RxTest.framework;
			remoteRef = C77E44A1217F846D00371993 /* PBXContainerItemProxy */;
			sourceTree = BUILT_PRODUCTS_DIR;
		};
		C77E44A4217F846D00371993 /* RxTest.framework */ = {
			isa = PBXReferenceProxy;
			fileType = wrapper.framework;
			path = RxTest.framework;
			remoteRef = C77E44A3217F846D00371993 /* PBXContainerItemProxy */;
			sourceTree = BUILT_PRODUCTS_DIR;
		};
		C77E44A6217F846D00371993 /* RxTest.framework */ = {
			isa = PBXReferenceProxy;
			fileType = wrapper.framework;
			path = RxTest.framework;
			remoteRef = C77E44A5217F846D00371993 /* PBXContainerItemProxy */;
			sourceTree = BUILT_PRODUCTS_DIR;
		};
		C77E44A8217F846D00371993 /* RxTest.framework */ = {
			isa = PBXReferenceProxy;
			fileType = wrapper.framework;
			path = RxTest.framework;
			remoteRef = C77E44A7217F846D00371993 /* PBXContainerItemProxy */;
			sourceTree = BUILT_PRODUCTS_DIR;
		};
		C77E44AA217F846D00371993 /* AllTests-iOS.xctest */ = {
			isa = PBXReferenceProxy;
			fileType = wrapper.cfbundle;
			path = "AllTests-iOS.xctest";
			remoteRef = C77E44A9217F846D00371993 /* PBXContainerItemProxy */;
			sourceTree = BUILT_PRODUCTS_DIR;
		};
		C77E44AC217F846D00371993 /* AllTests-tvOS.xctest */ = {
			isa = PBXReferenceProxy;
			fileType = wrapper.cfbundle;
			path = "AllTests-tvOS.xctest";
			remoteRef = C77E44AB217F846D00371993 /* PBXContainerItemProxy */;
			sourceTree = BUILT_PRODUCTS_DIR;
		};
		C77E44AE217F846D00371993 /* AllTests-macOS.xctest */ = {
			isa = PBXReferenceProxy;
			fileType = wrapper.cfbundle;
			path = "AllTests-macOS.xctest";
			remoteRef = C77E44AD217F846D00371993 /* PBXContainerItemProxy */;
			sourceTree = BUILT_PRODUCTS_DIR;
		};
		C77E44B0217F846D00371993 /* PerformanceTests.app */ = {
			isa = PBXReferenceProxy;
			fileType = wrapper.application;
			name = PerformanceTests.app;
			path = Microoptimizations.app;
			remoteRef = C77E44AF217F846D00371993 /* PBXContainerItemProxy */;
			sourceTree = BUILT_PRODUCTS_DIR;
		};
		C77E44B2217F846D00371993 /* Benchmarks.xctest */ = {
			isa = PBXReferenceProxy;
			fileType = wrapper.cfbundle;
			path = Benchmarks.xctest;
			remoteRef = C77E44B1217F846D00371993 /* PBXContainerItemProxy */;
			sourceTree = BUILT_PRODUCTS_DIR;
		};
/* End PBXReferenceProxy section */

/* Begin PBXResourcesBuildPhase section */
		C7A46E09216CE66B00026697 /* Resources */ = {
			isa = PBXResourcesBuildPhase;
			buildActionMask = 2147483647;
			files = (
				C7A46E1B216CE66D00026697 /* LaunchScreen.storyboard in Resources */,
				C7A46E18216CE66D00026697 /* Assets.xcassets in Resources */,
				C71DC86E217463130052F007 /* RxSwift in Resources */,
				C7A46E16216CE66B00026697 /* Main.storyboard in Resources */,
			);
			runOnlyForDeploymentPostprocessing = 0;
		};
		C7A46E1F216CE66D00026697 /* Resources */ = {
			isa = PBXResourcesBuildPhase;
			buildActionMask = 2147483647;
			files = (
			);
			runOnlyForDeploymentPostprocessing = 0;
		};
		C7A46E2A216CE66D00026697 /* Resources */ = {
			isa = PBXResourcesBuildPhase;
			buildActionMask = 2147483647;
			files = (
			);
			runOnlyForDeploymentPostprocessing = 0;
		};
/* End PBXResourcesBuildPhase section */

/* Begin PBXSourcesBuildPhase section */
		C7A46E07216CE66B00026697 /* Sources */ = {
			isa = PBXSourcesBuildPhase;
			buildActionMask = 2147483647;
			files = (
				C71DC875217464DA0052F007 /* ForecastViewModel.swift in Sources */,
				C7A46E13216CE66B00026697 /* ForecastViewController.swift in Sources */,
				C7A46E42216CE8B100026697 /* ApiService.swift in Sources */,
				C71DC877217464E90052F007 /* LocationViewModel.swift in Sources */,
				C7A46E0F216CE66B00026697 /* AppDelegate.swift in Sources */,
				C7A46E3F216CE78700026697 /* LocationViewController.swift in Sources */,
				C77E44BB218115A500371993 /* LocationTableViewCell.swift in Sources */,
				C77E44B921810A8600371993 /* WeatherTableViewCell.swift in Sources */,
				C78A8494217254390085135D /* WeatherService.swift in Sources */,
				C71DC873217464CC0052F007 /* WeatherViewModel.swift in Sources */,
				C7A46E11216CE66B00026697 /* WeatherViewController.swift in Sources */,
				C71DC86C21733D850052F007 /* WeatherResponse.swift in Sources */,
			);
			runOnlyForDeploymentPostprocessing = 0;
		};
		C7A46E1D216CE66D00026697 /* Sources */ = {
			isa = PBXSourcesBuildPhase;
			buildActionMask = 2147483647;
			files = (
				C7A46E26216CE66D00026697 /* iOS_weatherappTests.swift in Sources */,
			);
			runOnlyForDeploymentPostprocessing = 0;
		};
		C7A46E28216CE66D00026697 /* Sources */ = {
			isa = PBXSourcesBuildPhase;
			buildActionMask = 2147483647;
			files = (
				C7A46E31216CE66D00026697 /* iOS_weatherappUITests.swift in Sources */,
			);
			runOnlyForDeploymentPostprocessing = 0;
		};
/* End PBXSourcesBuildPhase section */

/* Begin PBXTargetDependency section */
		C7A46E23216CE66D00026697 /* PBXTargetDependency */ = {
			isa = PBXTargetDependency;
			target = C7A46E0A216CE66B00026697 /* iOS-weatherapp */;
			targetProxy = C7A46E22216CE66D00026697 /* PBXContainerItemProxy */;
		};
		C7A46E2E216CE66D00026697 /* PBXTargetDependency */ = {
			isa = PBXTargetDependency;
			target = C7A46E0A216CE66B00026697 /* iOS-weatherapp */;
			targetProxy = C7A46E2D216CE66D00026697 /* PBXContainerItemProxy */;
		};
/* End PBXTargetDependency section */

/* Begin PBXVariantGroup section */
		C7A46E14216CE66B00026697 /* Main.storyboard */ = {
			isa = PBXVariantGroup;
			children = (
				C7A46E15216CE66B00026697 /* Base */,
			);
			name = Main.storyboard;
			sourceTree = "<group>";
		};
		C7A46E19216CE66D00026697 /* LaunchScreen.storyboard */ = {
			isa = PBXVariantGroup;
			children = (
				C7A46E1A216CE66D00026697 /* Base */,
			);
			name = LaunchScreen.storyboard;
			sourceTree = "<group>";
		};
/* End PBXVariantGroup section */

/* Begin XCBuildConfiguration section */
		C7A46E33216CE66D00026697 /* Debug */ = {
			isa = XCBuildConfiguration;
			buildSettings = {
				ALWAYS_SEARCH_USER_PATHS = NO;
				CLANG_ANALYZER_NONNULL = YES;
				CLANG_ANALYZER_NUMBER_OBJECT_CONVERSION = YES_AGGRESSIVE;
				CLANG_CXX_LANGUAGE_STANDARD = "gnu++14";
				CLANG_CXX_LIBRARY = "libc++";
				CLANG_ENABLE_MODULES = YES;
				CLANG_ENABLE_OBJC_ARC = YES;
				CLANG_ENABLE_OBJC_WEAK = YES;
				CLANG_WARN_BLOCK_CAPTURE_AUTORELEASING = YES;
				CLANG_WARN_BOOL_CONVERSION = YES;
				CLANG_WARN_COMMA = YES;
				CLANG_WARN_CONSTANT_CONVERSION = YES;
				CLANG_WARN_DEPRECATED_OBJC_IMPLEMENTATIONS = YES;
				CLANG_WARN_DIRECT_OBJC_ISA_USAGE = YES_ERROR;
				CLANG_WARN_DOCUMENTATION_COMMENTS = YES;
				CLANG_WARN_EMPTY_BODY = YES;
				CLANG_WARN_ENUM_CONVERSION = YES;
				CLANG_WARN_INFINITE_RECURSION = YES;
				CLANG_WARN_INT_CONVERSION = YES;
				CLANG_WARN_NON_LITERAL_NULL_CONVERSION = YES;
				CLANG_WARN_OBJC_IMPLICIT_RETAIN_SELF = YES;
				CLANG_WARN_OBJC_LITERAL_CONVERSION = YES;
				CLANG_WARN_OBJC_ROOT_CLASS = YES_ERROR;
				CLANG_WARN_RANGE_LOOP_ANALYSIS = YES;
				CLANG_WARN_STRICT_PROTOTYPES = YES;
				CLANG_WARN_SUSPICIOUS_MOVE = YES;
				CLANG_WARN_UNGUARDED_AVAILABILITY = YES_AGGRESSIVE;
				CLANG_WARN_UNREACHABLE_CODE = YES;
				CLANG_WARN__DUPLICATE_METHOD_MATCH = YES;
				CODE_SIGN_IDENTITY = "iPhone Developer";
				COPY_PHASE_STRIP = NO;
				DEBUG_INFORMATION_FORMAT = dwarf;
				ENABLE_STRICT_OBJC_MSGSEND = YES;
				ENABLE_TESTABILITY = YES;
				GCC_C_LANGUAGE_STANDARD = gnu11;
				GCC_DYNAMIC_NO_PIC = NO;
				GCC_NO_COMMON_BLOCKS = YES;
				GCC_OPTIMIZATION_LEVEL = 0;
				GCC_PREPROCESSOR_DEFINITIONS = (
					"DEBUG=1",
					"$(inherited)",
				);
				GCC_WARN_64_TO_32_BIT_CONVERSION = YES;
				GCC_WARN_ABOUT_RETURN_TYPE = YES_ERROR;
				GCC_WARN_UNDECLARED_SELECTOR = YES;
				GCC_WARN_UNINITIALIZED_AUTOS = YES_AGGRESSIVE;
				GCC_WARN_UNUSED_FUNCTION = YES;
				GCC_WARN_UNUSED_VARIABLE = YES;
				IPHONEOS_DEPLOYMENT_TARGET = 12.0;
				MTL_ENABLE_DEBUG_INFO = INCLUDE_SOURCE;
				MTL_FAST_MATH = YES;
				ONLY_ACTIVE_ARCH = YES;
				SDKROOT = iphoneos;
				SWIFT_ACTIVE_COMPILATION_CONDITIONS = DEBUG;
				SWIFT_OPTIMIZATION_LEVEL = "-Onone";
			};
			name = Debug;
		};
		C7A46E34216CE66D00026697 /* Release */ = {
			isa = XCBuildConfiguration;
			buildSettings = {
				ALWAYS_SEARCH_USER_PATHS = NO;
				CLANG_ANALYZER_NONNULL = YES;
				CLANG_ANALYZER_NUMBER_OBJECT_CONVERSION = YES_AGGRESSIVE;
				CLANG_CXX_LANGUAGE_STANDARD = "gnu++14";
				CLANG_CXX_LIBRARY = "libc++";
				CLANG_ENABLE_MODULES = YES;
				CLANG_ENABLE_OBJC_ARC = YES;
				CLANG_ENABLE_OBJC_WEAK = YES;
				CLANG_WARN_BLOCK_CAPTURE_AUTORELEASING = YES;
				CLANG_WARN_BOOL_CONVERSION = YES;
				CLANG_WARN_COMMA = YES;
				CLANG_WARN_CONSTANT_CONVERSION = YES;
				CLANG_WARN_DEPRECATED_OBJC_IMPLEMENTATIONS = YES;
				CLANG_WARN_DIRECT_OBJC_ISA_USAGE = YES_ERROR;
				CLANG_WARN_DOCUMENTATION_COMMENTS = YES;
				CLANG_WARN_EMPTY_BODY = YES;
				CLANG_WARN_ENUM_CONVERSION = YES;
				CLANG_WARN_INFINITE_RECURSION = YES;
				CLANG_WARN_INT_CONVERSION = YES;
				CLANG_WARN_NON_LITERAL_NULL_CONVERSION = YES;
				CLANG_WARN_OBJC_IMPLICIT_RETAIN_SELF = YES;
				CLANG_WARN_OBJC_LITERAL_CONVERSION = YES;
				CLANG_WARN_OBJC_ROOT_CLASS = YES_ERROR;
				CLANG_WARN_RANGE_LOOP_ANALYSIS = YES;
				CLANG_WARN_STRICT_PROTOTYPES = YES;
				CLANG_WARN_SUSPICIOUS_MOVE = YES;
				CLANG_WARN_UNGUARDED_AVAILABILITY = YES_AGGRESSIVE;
				CLANG_WARN_UNREACHABLE_CODE = YES;
				CLANG_WARN__DUPLICATE_METHOD_MATCH = YES;
				CODE_SIGN_IDENTITY = "iPhone Developer";
				COPY_PHASE_STRIP = NO;
				DEBUG_INFORMATION_FORMAT = "dwarf-with-dsym";
				ENABLE_NS_ASSERTIONS = NO;
				ENABLE_STRICT_OBJC_MSGSEND = YES;
				GCC_C_LANGUAGE_STANDARD = gnu11;
				GCC_NO_COMMON_BLOCKS = YES;
				GCC_WARN_64_TO_32_BIT_CONVERSION = YES;
				GCC_WARN_ABOUT_RETURN_TYPE = YES_ERROR;
				GCC_WARN_UNDECLARED_SELECTOR = YES;
				GCC_WARN_UNINITIALIZED_AUTOS = YES_AGGRESSIVE;
				GCC_WARN_UNUSED_FUNCTION = YES;
				GCC_WARN_UNUSED_VARIABLE = YES;
				IPHONEOS_DEPLOYMENT_TARGET = 12.0;
				MTL_ENABLE_DEBUG_INFO = NO;
				MTL_FAST_MATH = YES;
				SDKROOT = iphoneos;
				SWIFT_COMPILATION_MODE = wholemodule;
				SWIFT_OPTIMIZATION_LEVEL = "-O";
				VALIDATE_PRODUCT = YES;
			};
			name = Release;
		};
		C7A46E36216CE66D00026697 /* Debug */ = {
			isa = XCBuildConfiguration;
			buildSettings = {
				ASSETCATALOG_COMPILER_APPICON_NAME = AppIcon;
				CODE_SIGN_STYLE = Automatic;
				DEVELOPMENT_TEAM = 7Z5UNWP9KY;
				INFOPLIST_FILE = "iOS-weatherapp/Info.plist";
				LD_RUNPATH_SEARCH_PATHS = (
					"$(inherited)",
					"@executable_path/Frameworks",
				);
				PRODUCT_BUNDLE_IDENTIFIER = "fi.konstal.iOS-weatherapp";
				PRODUCT_NAME = "$(TARGET_NAME)";
				SWIFT_VERSION = 4.2;
				TARGETED_DEVICE_FAMILY = "1,2";
			};
			name = Debug;
		};
		C7A46E37216CE66D00026697 /* Release */ = {
			isa = XCBuildConfiguration;
			buildSettings = {
				ASSETCATALOG_COMPILER_APPICON_NAME = AppIcon;
				CODE_SIGN_STYLE = Automatic;
				DEVELOPMENT_TEAM = 7Z5UNWP9KY;
				INFOPLIST_FILE = "iOS-weatherapp/Info.plist";
				LD_RUNPATH_SEARCH_PATHS = (
					"$(inherited)",
					"@executable_path/Frameworks",
				);
				PRODUCT_BUNDLE_IDENTIFIER = "fi.konstal.iOS-weatherapp";
				PRODUCT_NAME = "$(TARGET_NAME)";
				SWIFT_VERSION = 4.2;
				TARGETED_DEVICE_FAMILY = "1,2";
			};
			name = Release;
		};
		C7A46E39216CE66D00026697 /* Debug */ = {
			isa = XCBuildConfiguration;
			buildSettings = {
				ALWAYS_EMBED_SWIFT_STANDARD_LIBRARIES = YES;
				BUNDLE_LOADER = "$(TEST_HOST)";
				CODE_SIGN_STYLE = Automatic;
				INFOPLIST_FILE = "iOS-weatherappTests/Info.plist";
				LD_RUNPATH_SEARCH_PATHS = (
					"$(inherited)",
					"@executable_path/Frameworks",
					"@loader_path/Frameworks",
				);
				PRODUCT_BUNDLE_IDENTIFIER = "fi.konstal.iOS-weatherappTests";
				PRODUCT_NAME = "$(TARGET_NAME)";
				SWIFT_VERSION = 4.2;
				TARGETED_DEVICE_FAMILY = "1,2";
				TEST_HOST = "$(BUILT_PRODUCTS_DIR)/iOS-weatherapp.app/iOS-weatherapp";
			};
			name = Debug;
		};
		C7A46E3A216CE66D00026697 /* Release */ = {
			isa = XCBuildConfiguration;
			buildSettings = {
				ALWAYS_EMBED_SWIFT_STANDARD_LIBRARIES = YES;
				BUNDLE_LOADER = "$(TEST_HOST)";
				CODE_SIGN_STYLE = Automatic;
				INFOPLIST_FILE = "iOS-weatherappTests/Info.plist";
				LD_RUNPATH_SEARCH_PATHS = (
					"$(inherited)",
					"@executable_path/Frameworks",
					"@loader_path/Frameworks",
				);
				PRODUCT_BUNDLE_IDENTIFIER = "fi.konstal.iOS-weatherappTests";
				PRODUCT_NAME = "$(TARGET_NAME)";
				SWIFT_VERSION = 4.2;
				TARGETED_DEVICE_FAMILY = "1,2";
				TEST_HOST = "$(BUILT_PRODUCTS_DIR)/iOS-weatherapp.app/iOS-weatherapp";
			};
			name = Release;
		};
		C7A46E3C216CE66D00026697 /* Debug */ = {
			isa = XCBuildConfiguration;
			buildSettings = {
				ALWAYS_EMBED_SWIFT_STANDARD_LIBRARIES = YES;
				CODE_SIGN_STYLE = Automatic;
				INFOPLIST_FILE = "iOS-weatherappUITests/Info.plist";
				LD_RUNPATH_SEARCH_PATHS = (
					"$(inherited)",
					"@executable_path/Frameworks",
					"@loader_path/Frameworks",
				);
				PRODUCT_BUNDLE_IDENTIFIER = "fi.konstal.iOS-weatherappUITests";
				PRODUCT_NAME = "$(TARGET_NAME)";
				SWIFT_VERSION = 4.2;
				TARGETED_DEVICE_FAMILY = "1,2";
				TEST_TARGET_NAME = "iOS-weatherapp";
			};
			name = Debug;
		};
		C7A46E3D216CE66D00026697 /* Release */ = {
			isa = XCBuildConfiguration;
			buildSettings = {
				ALWAYS_EMBED_SWIFT_STANDARD_LIBRARIES = YES;
				CODE_SIGN_STYLE = Automatic;
				INFOPLIST_FILE = "iOS-weatherappUITests/Info.plist";
				LD_RUNPATH_SEARCH_PATHS = (
					"$(inherited)",
					"@executable_path/Frameworks",
					"@loader_path/Frameworks",
				);
				PRODUCT_BUNDLE_IDENTIFIER = "fi.konstal.iOS-weatherappUITests";
				PRODUCT_NAME = "$(TARGET_NAME)";
				SWIFT_VERSION = 4.2;
				TARGETED_DEVICE_FAMILY = "1,2";
				TEST_TARGET_NAME = "iOS-weatherapp";
			};
			name = Release;
		};
/* End XCBuildConfiguration section */

/* Begin XCConfigurationList section */
		C7A46E06216CE66B00026697 /* Build configuration list for PBXProject "iOS-weatherapp" */ = {
			isa = XCConfigurationList;
			buildConfigurations = (
				C7A46E33216CE66D00026697 /* Debug */,
				C7A46E34216CE66D00026697 /* Release */,
			);
			defaultConfigurationIsVisible = 0;
			defaultConfigurationName = Release;
		};
		C7A46E35216CE66D00026697 /* Build configuration list for PBXNativeTarget "iOS-weatherapp" */ = {
			isa = XCConfigurationList;
			buildConfigurations = (
				C7A46E36216CE66D00026697 /* Debug */,
				C7A46E37216CE66D00026697 /* Release */,
			);
			defaultConfigurationIsVisible = 0;
			defaultConfigurationName = Release;
		};
		C7A46E38216CE66D00026697 /* Build configuration list for PBXNativeTarget "iOS-weatherappTests" */ = {
			isa = XCConfigurationList;
			buildConfigurations = (
				C7A46E39216CE66D00026697 /* Debug */,
				C7A46E3A216CE66D00026697 /* Release */,
			);
			defaultConfigurationIsVisible = 0;
			defaultConfigurationName = Release;
		};
		C7A46E3B216CE66D00026697 /* Build configuration list for PBXNativeTarget "iOS-weatherappUITests" */ = {
			isa = XCConfigurationList;
			buildConfigurations = (
				C7A46E3C216CE66D00026697 /* Debug */,
				C7A46E3D216CE66D00026697 /* Release */,
			);
			defaultConfigurationIsVisible = 0;
			defaultConfigurationName = Release;
		};
/* End XCConfigurationList section */
	};
	rootObject = C7A46E03216CE66B00026697 /* Project object */;
}
